// !$*UTF8*$!
{
	archiveVersion = 1;
	classes = {
	};
	objectVersion = 46;
	objects = {

/* Begin PBXBuildFile section */
		2B06E600195C822400DE0165 /* ECToolBar.m in Sources */ = {isa = PBXBuildFile; fileRef = 2B06E5FF195C822400DE0165 /* ECToolBar.m */; };
		2B097FE3195C7C7E00EBF2E6 /* Foundation.framework in Frameworks */ = {isa = PBXBuildFile; fileRef = 2B097FE2195C7C7E00EBF2E6 /* Foundation.framework */; };
		2B097FE5195C7C7E00EBF2E6 /* CoreGraphics.framework in Frameworks */ = {isa = PBXBuildFile; fileRef = 2B097FE4195C7C7E00EBF2E6 /* CoreGraphics.framework */; };
		2B097FE7195C7C7E00EBF2E6 /* UIKit.framework in Frameworks */ = {isa = PBXBuildFile; fileRef = 2B097FE6195C7C7E00EBF2E6 /* UIKit.framework */; };
		2B097FED195C7C7E00EBF2E6 /* InfoPlist.strings in Resources */ = {isa = PBXBuildFile; fileRef = 2B097FEB195C7C7E00EBF2E6 /* InfoPlist.strings */; };
		2B097FEF195C7C7E00EBF2E6 /* main.m in Sources */ = {isa = PBXBuildFile; fileRef = 2B097FEE195C7C7E00EBF2E6 /* main.m */; };
		2B097FF3195C7C7E00EBF2E6 /* AppDelegate.m in Sources */ = {isa = PBXBuildFile; fileRef = 2B097FF2195C7C7E00EBF2E6 /* AppDelegate.m */; };
		2B097FF6195C7C7E00EBF2E6 /* Main_iPhone.storyboard in Resources */ = {isa = PBXBuildFile; fileRef = 2B097FF4195C7C7E00EBF2E6 /* Main_iPhone.storyboard */; };
		2B097FF9195C7C7E00EBF2E6 /* Main_iPad.storyboard in Resources */ = {isa = PBXBuildFile; fileRef = 2B097FF7195C7C7E00EBF2E6 /* Main_iPad.storyboard */; };
		2B097FFC195C7C7E00EBF2E6 /* ViewController.m in Sources */ = {isa = PBXBuildFile; fileRef = 2B097FFB195C7C7E00EBF2E6 /* ViewController.m */; };
		2B097FFE195C7C7E00EBF2E6 /* Images.xcassets in Resources */ = {isa = PBXBuildFile; fileRef = 2B097FFD195C7C7E00EBF2E6 /* Images.xcassets */; };
		2B098005195C7C7E00EBF2E6 /* XCTest.framework in Frameworks */ = {isa = PBXBuildFile; fileRef = 2B098004195C7C7E00EBF2E6 /* XCTest.framework */; };
		2B098006195C7C7E00EBF2E6 /* Foundation.framework in Frameworks */ = {isa = PBXBuildFile; fileRef = 2B097FE2195C7C7E00EBF2E6 /* Foundation.framework */; };
		2B098007195C7C7E00EBF2E6 /* UIKit.framework in Frameworks */ = {isa = PBXBuildFile; fileRef = 2B097FE6195C7C7E00EBF2E6 /* UIKit.framework */; };
		2B09800F195C7C7E00EBF2E6 /* InfoPlist.strings in Resources */ = {isa = PBXBuildFile; fileRef = 2B09800D195C7C7E00EBF2E6 /* InfoPlist.strings */; };
		2B098011195C7C7E00EBF2E6 /* CircuitTests.m in Sources */ = {isa = PBXBuildFile; fileRef = 2B098010195C7C7E00EBF2E6 /* CircuitTests.m */; };
		2B0C3F8D196CAC820026300F /* ECTAdjustmentMenu.m in Sources */ = {isa = PBXBuildFile; fileRef = 2B0C3F8C196CAC820026300F /* ECTAdjustmentMenu.m */; };
		2B0C3F8E196CAC820026300F /* ECTAdjustmentMenu.m in Sources */ = {isa = PBXBuildFile; fileRef = 2B0C3F8C196CAC820026300F /* ECTAdjustmentMenu.m */; };
		2B0C3F9B196CC33D0026300F /* LTAGateInfoView.m in Sources */ = {isa = PBXBuildFile; fileRef = 2B0C3F9A196CC33D0026300F /* LTAGateInfoView.m */; };
		2B0C3F9C196CC33D0026300F /* LTAGateInfoView.m in Sources */ = {isa = PBXBuildFile; fileRef = 2B0C3F9A196CC33D0026300F /* LTAGateInfoView.m */; };
		2B0F2007195CCEDD00EC267E /* iAd.framework in Frameworks */ = {isa = PBXBuildFile; fileRef = 2B0F2006195CCEDD00EC267E /* iAd.framework */; };
		2B12D486196826B1009E3C72 /* LStandardGate.m in Sources */ = {isa = PBXBuildFile; fileRef = 2B12D485196826B1009E3C72 /* LStandardGate.m */; };
		2B12D489196827D0009E3C72 /* LAndGate.m in Sources */ = {isa = PBXBuildFile; fileRef = 2B12D488196827D0009E3C72 /* LAndGate.m */; };
		2B12D48C196832FD009E3C72 /* ECTCMGestureHandler.m in Sources */ = {isa = PBXBuildFile; fileRef = 2B12D48B196832FD009E3C72 /* ECTCMGestureHandler.m */; };
		2B12D48D196832FD009E3C72 /* ECTCMGestureHandler.m in Sources */ = {isa = PBXBuildFile; fileRef = 2B12D48B196832FD009E3C72 /* ECTCMGestureHandler.m */; };
		2B26D962196B470A00FD9F74 /* ECTCMScrollView.m in Sources */ = {isa = PBXBuildFile; fileRef = 2B26D961196B470A00FD9F74 /* ECTCMScrollView.m */; };
		2B26D963196B470A00FD9F74 /* ECTCMScrollView.m in Sources */ = {isa = PBXBuildFile; fileRef = 2B26D961196B470A00FD9F74 /* ECTCMScrollView.m */; };
		2B26D96A196B515D00FD9F74 /* ECTDeleteMode.m in Sources */ = {isa = PBXBuildFile; fileRef = 2B26D969196B515D00FD9F74 /* ECTDeleteMode.m */; };
		2B26D96B196B515D00FD9F74 /* ECTDeleteMode.m in Sources */ = {isa = PBXBuildFile; fileRef = 2B26D969196B515D00FD9F74 /* ECTDeleteMode.m */; };
		2B26D96E196B700A00FD9F74 /* LLight.m in Sources */ = {isa = PBXBuildFile; fileRef = 2B26D96D196B700A00FD9F74 /* LLight.m */; };
		2B2CAEE81961CCB50000B7ED /* LWire.m in Sources */ = {isa = PBXBuildFile; fileRef = 2BFA241E1960654600D35073 /* LWire.m */; };
		2B2CAEE91961CCBA0000B7ED /* LGate.m in Sources */ = {isa = PBXBuildFile; fileRef = 2BFA241219604BAE00D35073 /* LGate.m */; };
		2B2CAEEA1961CCBE0000B7ED /* LPort.m in Sources */ = {isa = PBXBuildFile; fileRef = 2BFA241519604D8700D35073 /* LPort.m */; };
		2B2CAEED1961CE670000B7ED /* LNotGate.m in Sources */ = {isa = PBXBuildFile; fileRef = 2B2CAEEC1961CE670000B7ED /* LNotGate.m */; };
		2B2CAEF31961F73C0000B7ED /* ECOverlayView.m in Sources */ = {isa = PBXBuildFile; fileRef = 2B2CAEF21961F73C0000B7ED /* ECOverlayView.m */; };
		2B2CAEF41961F73C0000B7ED /* ECOverlayView.m in Sources */ = {isa = PBXBuildFile; fileRef = 2B2CAEF21961F73C0000B7ED /* ECOverlayView.m */; };
		2B325F151962E67600F29100 /* ECGridViewTests.m in Sources */ = {isa = PBXBuildFile; fileRef = 2B325F141962E67600F29100 /* ECGridViewTests.m */; };
		2B325F161962E67600F29100 /* ECGridViewTests.m in Sources */ = {isa = PBXBuildFile; fileRef = 2B325F141962E67600F29100 /* ECGridViewTests.m */; };
		2B325F171962EBE500F29100 /* ECGridView.m in Sources */ = {isa = PBXBuildFile; fileRef = 2BFC7B0E195D9223007AD84E /* ECGridView.m */; };
		2B325F181962EBE500F29100 /* ECGridView.m in Sources */ = {isa = PBXBuildFile; fileRef = 2BFC7B0E195D9223007AD84E /* ECGridView.m */; };
		2B325F191962EC4F00F29100 /* ECOverlayView.m in Sources */ = {isa = PBXBuildFile; fileRef = 2B2CAEF21961F73C0000B7ED /* ECOverlayView.m */; };
		2B325F1A1962EC5000F29100 /* ECOverlayView.m in Sources */ = {isa = PBXBuildFile; fileRef = 2B2CAEF21961F73C0000B7ED /* ECOverlayView.m */; };
		2B325F251963001B00F29100 /* ECScreenEdgeScrollController.m in Sources */ = {isa = PBXBuildFile; fileRef = 2B325F241963001B00F29100 /* ECScreenEdgeScrollController.m */; };
		2B325F261963001B00F29100 /* ECScreenEdgeScrollController.m in Sources */ = {isa = PBXBuildFile; fileRef = 2B325F241963001B00F29100 /* ECScreenEdgeScrollController.m */; };
		2B325F2D19634A9500F29100 /* ECTComponentsMenu.m in Sources */ = {isa = PBXBuildFile; fileRef = 2B325F2C19634A9500F29100 /* ECTComponentsMenu.m */; };
		2B325F2E19634A9500F29100 /* ECTComponentsMenu.m in Sources */ = {isa = PBXBuildFile; fileRef = 2B325F2C19634A9500F29100 /* ECTComponentsMenu.m */; };
		2B3805CE195F0F76004E7FC2 /* ButtonIcons.xcassets in Resources */ = {isa = PBXBuildFile; fileRef = 2B3805CD195F0F76004E7FC2 /* ButtonIcons.xcassets */; };
		2B3C6FC3195F3D2D002FDFDC /* Foundation.framework in Frameworks */ = {isa = PBXBuildFile; fileRef = 2B097FE2195C7C7E00EBF2E6 /* Foundation.framework */; };
		2B3C6FC4195F3D2D002FDFDC /* CoreGraphics.framework in Frameworks */ = {isa = PBXBuildFile; fileRef = 2B097FE4195C7C7E00EBF2E6 /* CoreGraphics.framework */; };
		2B3C6FC5195F3D2D002FDFDC /* UIKit.framework in Frameworks */ = {isa = PBXBuildFile; fileRef = 2B097FE6195C7C7E00EBF2E6 /* UIKit.framework */; settings = {ATTRIBUTES = (Required, ); }; };
		2B3C6FCB195F3D2D002FDFDC /* InfoPlist.strings in Resources */ = {isa = PBXBuildFile; fileRef = 2B3C6FC9195F3D2D002FDFDC /* InfoPlist.strings */; };
		2B3C6FCD195F3D2D002FDFDC /* main.m in Sources */ = {isa = PBXBuildFile; fileRef = 2B3C6FCC195F3D2D002FDFDC /* main.m */; };
		2B3C6FD1195F3D2D002FDFDC /* AppDelegate.m in Sources */ = {isa = PBXBuildFile; fileRef = 2B3C6FD0195F3D2D002FDFDC /* AppDelegate.m */; };
		2B3C6FD4195F3D2D002FDFDC /* Main_iPhone.storyboard in Resources */ = {isa = PBXBuildFile; fileRef = 2B3C6FD2195F3D2D002FDFDC /* Main_iPhone.storyboard */; };
		2B3C6FD7195F3D2D002FDFDC /* Main_iPad.storyboard in Resources */ = {isa = PBXBuildFile; fileRef = 2B3C6FD5195F3D2D002FDFDC /* Main_iPad.storyboard */; };
		2B3C6FDA195F3D2D002FDFDC /* ViewController.m in Sources */ = {isa = PBXBuildFile; fileRef = 2B3C6FD9195F3D2D002FDFDC /* ViewController.m */; };
		2B3C6FDC195F3D2D002FDFDC /* Images.xcassets in Resources */ = {isa = PBXBuildFile; fileRef = 2B3C6FDB195F3D2D002FDFDC /* Images.xcassets */; };
		2B3C6FE2195F3D2E002FDFDC /* XCTest.framework in Frameworks */ = {isa = PBXBuildFile; fileRef = 2B098004195C7C7E00EBF2E6 /* XCTest.framework */; };
		2B3C6FE3195F3D2E002FDFDC /* Foundation.framework in Frameworks */ = {isa = PBXBuildFile; fileRef = 2B097FE2195C7C7E00EBF2E6 /* Foundation.framework */; };
		2B3C6FE4195F3D2E002FDFDC /* UIKit.framework in Frameworks */ = {isa = PBXBuildFile; fileRef = 2B097FE6195C7C7E00EBF2E6 /* UIKit.framework */; };
		2B3C6FEC195F3D2E002FDFDC /* InfoPlist.strings in Resources */ = {isa = PBXBuildFile; fileRef = 2B3C6FEA195F3D2E002FDFDC /* InfoPlist.strings */; };
		2B3C6FEE195F3D2E002FDFDC /* LogicGateTests.m in Sources */ = {isa = PBXBuildFile; fileRef = 2B3C6FED195F3D2E002FDFDC /* LogicGateTests.m */; };
		2B3C6FF5195F3D5E002FDFDC /* ECNavigationBar.m in Sources */ = {isa = PBXBuildFile; fileRef = 2BFC7B08195D8B2D007AD84E /* ECNavigationBar.m */; };
		2B3C6FF6195F3D63002FDFDC /* ECToolBar.m in Sources */ = {isa = PBXBuildFile; fileRef = 2B06E5FF195C822400DE0165 /* ECToolBar.m */; };
		2B3C6FF7195F3D6A002FDFDC /* ECGridView.m in Sources */ = {isa = PBXBuildFile; fileRef = 2BFC7B0E195D9223007AD84E /* ECGridView.m */; };
		2B3C6FF8195F3EBE002FDFDC /* ButtonIcons.xcassets in Resources */ = {isa = PBXBuildFile; fileRef = 2B3805CD195F0F76004E7FC2 /* ButtonIcons.xcassets */; };
		2B3C6FFA195F6B82002FDFDC /* iAd.framework in Frameworks */ = {isa = PBXBuildFile; fileRef = 2B0F2006195CCEDD00EC267E /* iAd.framework */; };
		2B8BA5CB1964984A0028627B /* LTrueOutput.m in Sources */ = {isa = PBXBuildFile; fileRef = 2B8BA5CA1964984A0028627B /* LTrueOutput.m */; };
		2B8F237619716CC000FD2A85 /* LTAInputInfoView.m in Sources */ = {isa = PBXBuildFile; fileRef = 2B8F237519716CC000FD2A85 /* LTAInputInfoView.m */; };
		2B8F23791971A1BF00FD2A85 /* LInputGate.m in Sources */ = {isa = PBXBuildFile; fileRef = 2B8F23781971A1BF00FD2A85 /* LInputGate.m */; };
		2B8F237E1971E21A00FD2A85 /* LSwitch.m in Sources */ = {isa = PBXBuildFile; fileRef = 2B8F237D1971E21A00FD2A85 /* LSwitch.m */; };
		2BFA241319604BAE00D35073 /* LGate.m in Sources */ = {isa = PBXBuildFile; fileRef = 2BFA241219604BAE00D35073 /* LGate.m */; };
		2BFA241619604D8700D35073 /* LPort.m in Sources */ = {isa = PBXBuildFile; fileRef = 2BFA241519604D8700D35073 /* LPort.m */; };
		2BFA24191960523400D35073 /* GateImages.xcassets in Resources */ = {isa = PBXBuildFile; fileRef = 2BFA24181960523400D35073 /* GateImages.xcassets */; };
		2BFA241F1960654600D35073 /* LWire.m in Sources */ = {isa = PBXBuildFile; fileRef = 2BFA241E1960654600D35073 /* LWire.m */; };
		2BFC7B09195D8B2D007AD84E /* ECNavigationBar.m in Sources */ = {isa = PBXBuildFile; fileRef = 2BFC7B08195D8B2D007AD84E /* ECNavigationBar.m */; };
		2BFC7B0F195D9223007AD84E /* ECGridView.m in Sources */ = {isa = PBXBuildFile; fileRef = 2BFC7B0E195D9223007AD84E /* ECGridView.m */; };
/* End PBXBuildFile section */

/* Begin PBXContainerItemProxy section */
		2B098008195C7C7E00EBF2E6 /* PBXContainerItemProxy */ = {
			isa = PBXContainerItemProxy;
			containerPortal = 2B097FD7195C7C7E00EBF2E6 /* Project object */;
			proxyType = 1;
			remoteGlobalIDString = 2B097FDE195C7C7E00EBF2E6;
			remoteInfo = Circuit;
		};
		2B3C6FE5195F3D2E002FDFDC /* PBXContainerItemProxy */ = {
			isa = PBXContainerItemProxy;
			containerPortal = 2B097FD7195C7C7E00EBF2E6 /* Project object */;
			proxyType = 1;
			remoteGlobalIDString = 2B3C6FC1195F3D2D002FDFDC;
			remoteInfo = LogicGate;
		};
/* End PBXContainerItemProxy section */

/* Begin PBXFileReference section */
		2B06E5FE195C822400DE0165 /* ECToolBar.h */ = {isa = PBXFileReference; fileEncoding = 4; lastKnownFileType = sourcecode.c.h; name = ECToolBar.h; path = Shared/ECToolBar.h; sourceTree = "<group>"; };
		2B06E5FF195C822400DE0165 /* ECToolBar.m */ = {isa = PBXFileReference; fileEncoding = 4; lastKnownFileType = sourcecode.c.objc; name = ECToolBar.m; path = Shared/ECToolBar.m; sourceTree = "<group>"; };
		2B097FDF195C7C7E00EBF2E6 /* Circuit.app */ = {isa = PBXFileReference; explicitFileType = wrapper.application; includeInIndex = 0; path = Circuit.app; sourceTree = BUILT_PRODUCTS_DIR; };
		2B097FE2195C7C7E00EBF2E6 /* Foundation.framework */ = {isa = PBXFileReference; lastKnownFileType = wrapper.framework; name = Foundation.framework; path = System/Library/Frameworks/Foundation.framework; sourceTree = SDKROOT; };
		2B097FE4195C7C7E00EBF2E6 /* CoreGraphics.framework */ = {isa = PBXFileReference; lastKnownFileType = wrapper.framework; name = CoreGraphics.framework; path = System/Library/Frameworks/CoreGraphics.framework; sourceTree = SDKROOT; };
		2B097FE6195C7C7E00EBF2E6 /* UIKit.framework */ = {isa = PBXFileReference; lastKnownFileType = wrapper.framework; name = UIKit.framework; path = System/Library/Frameworks/UIKit.framework; sourceTree = SDKROOT; };
		2B097FEA195C7C7E00EBF2E6 /* Circuit-Info.plist */ = {isa = PBXFileReference; lastKnownFileType = text.plist.xml; path = "Circuit-Info.plist"; sourceTree = "<group>"; };
		2B097FEC195C7C7E00EBF2E6 /* en */ = {isa = PBXFileReference; lastKnownFileType = text.plist.strings; name = en; path = en.lproj/InfoPlist.strings; sourceTree = "<group>"; };
		2B097FEE195C7C7E00EBF2E6 /* main.m */ = {isa = PBXFileReference; lastKnownFileType = sourcecode.c.objc; path = main.m; sourceTree = "<group>"; };
		2B097FF0195C7C7E00EBF2E6 /* Circuit-Prefix.pch */ = {isa = PBXFileReference; lastKnownFileType = sourcecode.c.h; path = "Circuit-Prefix.pch"; sourceTree = "<group>"; };
		2B097FF1195C7C7E00EBF2E6 /* AppDelegate.h */ = {isa = PBXFileReference; lastKnownFileType = sourcecode.c.h; path = AppDelegate.h; sourceTree = "<group>"; };
		2B097FF2195C7C7E00EBF2E6 /* AppDelegate.m */ = {isa = PBXFileReference; lastKnownFileType = sourcecode.c.objc; path = AppDelegate.m; sourceTree = "<group>"; };
		2B097FF5195C7C7E00EBF2E6 /* Base */ = {isa = PBXFileReference; lastKnownFileType = file.storyboard; name = Base; path = Base.lproj/Main_iPhone.storyboard; sourceTree = "<group>"; };
		2B097FF8195C7C7E00EBF2E6 /* Base */ = {isa = PBXFileReference; lastKnownFileType = file.storyboard; name = Base; path = Base.lproj/Main_iPad.storyboard; sourceTree = "<group>"; };
		2B097FFA195C7C7E00EBF2E6 /* ViewController.h */ = {isa = PBXFileReference; lastKnownFileType = sourcecode.c.h; path = ViewController.h; sourceTree = "<group>"; };
		2B097FFB195C7C7E00EBF2E6 /* ViewController.m */ = {isa = PBXFileReference; lastKnownFileType = sourcecode.c.objc; path = ViewController.m; sourceTree = "<group>"; };
		2B097FFD195C7C7E00EBF2E6 /* Images.xcassets */ = {isa = PBXFileReference; lastKnownFileType = folder.assetcatalog; path = Images.xcassets; sourceTree = "<group>"; };
		2B098003195C7C7E00EBF2E6 /* CircuitTests.xctest */ = {isa = PBXFileReference; explicitFileType = wrapper.cfbundle; includeInIndex = 0; path = CircuitTests.xctest; sourceTree = BUILT_PRODUCTS_DIR; };
		2B098004195C7C7E00EBF2E6 /* XCTest.framework */ = {isa = PBXFileReference; lastKnownFileType = wrapper.framework; name = XCTest.framework; path = Library/Frameworks/XCTest.framework; sourceTree = DEVELOPER_DIR; };
		2B09800C195C7C7E00EBF2E6 /* CircuitTests-Info.plist */ = {isa = PBXFileReference; lastKnownFileType = text.plist.xml; path = "CircuitTests-Info.plist"; sourceTree = "<group>"; };
		2B09800E195C7C7E00EBF2E6 /* en */ = {isa = PBXFileReference; lastKnownFileType = text.plist.strings; name = en; path = en.lproj/InfoPlist.strings; sourceTree = "<group>"; };
		2B098010195C7C7E00EBF2E6 /* CircuitTests.m */ = {isa = PBXFileReference; lastKnownFileType = sourcecode.c.objc; path = CircuitTests.m; sourceTree = "<group>"; };
		2B0C3F8B196CAC820026300F /* ECTAdjustmentMenu.h */ = {isa = PBXFileReference; fileEncoding = 4; lastKnownFileType = sourcecode.c.h; name = ECTAdjustmentMenu.h; path = Shared/ECTAdjustmentMenu.h; sourceTree = "<group>"; };
		2B0C3F8C196CAC820026300F /* ECTAdjustmentMenu.m */ = {isa = PBXFileReference; fileEncoding = 4; lastKnownFileType = sourcecode.c.objc; name = ECTAdjustmentMenu.m; path = Shared/ECTAdjustmentMenu.m; sourceTree = "<group>"; };
		2B0C3F99196CC33D0026300F /* LTAGateInfoView.h */ = {isa = PBXFileReference; fileEncoding = 4; lastKnownFileType = sourcecode.c.h; path = LTAGateInfoView.h; sourceTree = "<group>"; };
		2B0C3F9A196CC33D0026300F /* LTAGateInfoView.m */ = {isa = PBXFileReference; fileEncoding = 4; lastKnownFileType = sourcecode.c.objc; path = LTAGateInfoView.m; sourceTree = "<group>"; };
		2B0F2006195CCEDD00EC267E /* iAd.framework */ = {isa = PBXFileReference; lastKnownFileType = wrapper.framework; name = iAd.framework; path = System/Library/Frameworks/iAd.framework; sourceTree = SDKROOT; };
		2B12D484196826B1009E3C72 /* LStandardGate.h */ = {isa = PBXFileReference; fileEncoding = 4; lastKnownFileType = sourcecode.c.h; path = LStandardGate.h; sourceTree = "<group>"; };
		2B12D485196826B1009E3C72 /* LStandardGate.m */ = {isa = PBXFileReference; fileEncoding = 4; lastKnownFileType = sourcecode.c.objc; path = LStandardGate.m; sourceTree = "<group>"; };
		2B12D487196827D0009E3C72 /* LAndGate.h */ = {isa = PBXFileReference; fileEncoding = 4; lastKnownFileType = sourcecode.c.h; path = LAndGate.h; sourceTree = "<group>"; };
		2B12D488196827D0009E3C72 /* LAndGate.m */ = {isa = PBXFileReference; fileEncoding = 4; lastKnownFileType = sourcecode.c.objc; path = LAndGate.m; sourceTree = "<group>"; };
		2B12D48A196832FD009E3C72 /* ECTCMGestureHandler.h */ = {isa = PBXFileReference; fileEncoding = 4; lastKnownFileType = sourcecode.c.h; name = ECTCMGestureHandler.h; path = Shared/ECTCMGestureHandler.h; sourceTree = "<group>"; };
		2B12D48B196832FD009E3C72 /* ECTCMGestureHandler.m */ = {isa = PBXFileReference; fileEncoding = 4; lastKnownFileType = sourcecode.c.objc; name = ECTCMGestureHandler.m; path = Shared/ECTCMGestureHandler.m; sourceTree = "<group>"; };
		2B26D960196B470A00FD9F74 /* ECTCMScrollView.h */ = {isa = PBXFileReference; fileEncoding = 4; lastKnownFileType = sourcecode.c.h; name = ECTCMScrollView.h; path = Shared/ECTCMScrollView.h; sourceTree = "<group>"; };
		2B26D961196B470A00FD9F74 /* ECTCMScrollView.m */ = {isa = PBXFileReference; fileEncoding = 4; lastKnownFileType = sourcecode.c.objc; name = ECTCMScrollView.m; path = Shared/ECTCMScrollView.m; sourceTree = "<group>"; };
		2B26D968196B515D00FD9F74 /* ECTDeleteMode.h */ = {isa = PBXFileReference; fileEncoding = 4; lastKnownFileType = sourcecode.c.h; name = ECTDeleteMode.h; path = Shared/ECTDeleteMode.h; sourceTree = "<group>"; };
		2B26D969196B515D00FD9F74 /* ECTDeleteMode.m */ = {isa = PBXFileReference; fileEncoding = 4; lastKnownFileType = sourcecode.c.objc; name = ECTDeleteMode.m; path = Shared/ECTDeleteMode.m; sourceTree = "<group>"; };
		2B26D96C196B700A00FD9F74 /* LLight.h */ = {isa = PBXFileReference; fileEncoding = 4; lastKnownFileType = sourcecode.c.h; path = LLight.h; sourceTree = "<group>"; };
		2B26D96D196B700A00FD9F74 /* LLight.m */ = {isa = PBXFileReference; fileEncoding = 4; lastKnownFileType = sourcecode.c.objc; path = LLight.m; sourceTree = "<group>"; };
		2B2CAEEB1961CE670000B7ED /* LNotGate.h */ = {isa = PBXFileReference; fileEncoding = 4; lastKnownFileType = sourcecode.c.h; path = LNotGate.h; sourceTree = "<group>"; };
		2B2CAEEC1961CE670000B7ED /* LNotGate.m */ = {isa = PBXFileReference; fileEncoding = 4; lastKnownFileType = sourcecode.c.objc; path = LNotGate.m; sourceTree = "<group>"; };
		2B2CAEF11961F73C0000B7ED /* ECOverlayView.h */ = {isa = PBXFileReference; fileEncoding = 4; lastKnownFileType = sourcecode.c.h; name = ECOverlayView.h; path = Shared/ECOverlayView.h; sourceTree = "<group>"; };
		2B2CAEF21961F73C0000B7ED /* ECOverlayView.m */ = {isa = PBXFileReference; fileEncoding = 4; lastKnownFileType = sourcecode.c.objc; name = ECOverlayView.m; path = Shared/ECOverlayView.m; sourceTree = "<group>"; };
		2B325F141962E67600F29100 /* ECGridViewTests.m */ = {isa = PBXFileReference; fileEncoding = 4; lastKnownFileType = sourcecode.c.objc; path = ECGridViewTests.m; sourceTree = "<group>"; };
		2B325F231963001B00F29100 /* ECScreenEdgeScrollController.h */ = {isa = PBXFileReference; fileEncoding = 4; lastKnownFileType = sourcecode.c.h; name = ECScreenEdgeScrollController.h; path = Shared/ECScreenEdgeScrollController.h; sourceTree = "<group>"; };
		2B325F241963001B00F29100 /* ECScreenEdgeScrollController.m */ = {isa = PBXFileReference; fileEncoding = 4; lastKnownFileType = sourcecode.c.objc; name = ECScreenEdgeScrollController.m; path = Shared/ECScreenEdgeScrollController.m; sourceTree = "<group>"; };
		2B325F2B19634A9500F29100 /* ECTComponentsMenu.h */ = {isa = PBXFileReference; fileEncoding = 4; lastKnownFileType = sourcecode.c.h; name = ECTComponentsMenu.h; path = Shared/ECTComponentsMenu.h; sourceTree = "<group>"; };
		2B325F2C19634A9500F29100 /* ECTComponentsMenu.m */ = {isa = PBXFileReference; fileEncoding = 4; lastKnownFileType = sourcecode.c.objc; name = ECTComponentsMenu.m; path = Shared/ECTComponentsMenu.m; sourceTree = "<group>"; };
		2B3805CD195F0F76004E7FC2 /* ButtonIcons.xcassets */ = {isa = PBXFileReference; lastKnownFileType = folder.assetcatalog; name = ButtonIcons.xcassets; path = Shared/ButtonIcons.xcassets; sourceTree = "<group>"; };
		2B3C6FC2195F3D2D002FDFDC /* LogicGate.app */ = {isa = PBXFileReference; explicitFileType = wrapper.application; includeInIndex = 0; path = LogicGate.app; sourceTree = BUILT_PRODUCTS_DIR; };
		2B3C6FC8195F3D2D002FDFDC /* LogicGate-Info.plist */ = {isa = PBXFileReference; lastKnownFileType = text.plist.xml; path = "LogicGate-Info.plist"; sourceTree = "<group>"; };
		2B3C6FCA195F3D2D002FDFDC /* en */ = {isa = PBXFileReference; lastKnownFileType = text.plist.strings; name = en; path = en.lproj/InfoPlist.strings; sourceTree = "<group>"; };
		2B3C6FCC195F3D2D002FDFDC /* main.m */ = {isa = PBXFileReference; lastKnownFileType = sourcecode.c.objc; path = main.m; sourceTree = "<group>"; };
		2B3C6FCE195F3D2D002FDFDC /* LogicGate-Prefix.pch */ = {isa = PBXFileReference; lastKnownFileType = sourcecode.c.h; path = "LogicGate-Prefix.pch"; sourceTree = "<group>"; };
		2B3C6FCF195F3D2D002FDFDC /* AppDelegate.h */ = {isa = PBXFileReference; lastKnownFileType = sourcecode.c.h; path = AppDelegate.h; sourceTree = "<group>"; };
		2B3C6FD0195F3D2D002FDFDC /* AppDelegate.m */ = {isa = PBXFileReference; lastKnownFileType = sourcecode.c.objc; path = AppDelegate.m; sourceTree = "<group>"; };
		2B3C6FD3195F3D2D002FDFDC /* Base */ = {isa = PBXFileReference; lastKnownFileType = file.storyboard; name = Base; path = Base.lproj/Main_iPhone.storyboard; sourceTree = "<group>"; };
		2B3C6FD6195F3D2D002FDFDC /* Base */ = {isa = PBXFileReference; lastKnownFileType = file.storyboard; name = Base; path = Base.lproj/Main_iPad.storyboard; sourceTree = "<group>"; };
		2B3C6FD8195F3D2D002FDFDC /* ViewController.h */ = {isa = PBXFileReference; lastKnownFileType = sourcecode.c.h; path = ViewController.h; sourceTree = "<group>"; };
		2B3C6FD9195F3D2D002FDFDC /* ViewController.m */ = {isa = PBXFileReference; lastKnownFileType = sourcecode.c.objc; path = ViewController.m; sourceTree = "<group>"; };
		2B3C6FDB195F3D2D002FDFDC /* Images.xcassets */ = {isa = PBXFileReference; lastKnownFileType = folder.assetcatalog; path = Images.xcassets; sourceTree = "<group>"; };
		2B3C6FE1195F3D2E002FDFDC /* LogicGateTests.xctest */ = {isa = PBXFileReference; explicitFileType = wrapper.cfbundle; includeInIndex = 0; path = LogicGateTests.xctest; sourceTree = BUILT_PRODUCTS_DIR; };
		2B3C6FE9195F3D2E002FDFDC /* LogicGateTests-Info.plist */ = {isa = PBXFileReference; lastKnownFileType = text.plist.xml; path = "LogicGateTests-Info.plist"; sourceTree = "<group>"; };
		2B3C6FEB195F3D2E002FDFDC /* en */ = {isa = PBXFileReference; lastKnownFileType = text.plist.strings; name = en; path = en.lproj/InfoPlist.strings; sourceTree = "<group>"; };
		2B3C6FED195F3D2E002FDFDC /* LogicGateTests.m */ = {isa = PBXFileReference; lastKnownFileType = sourcecode.c.objc; path = LogicGateTests.m; sourceTree = "<group>"; };
		2B3C6FF9195F55EB002FDFDC /* ECNavigationBarDelegate.h */ = {isa = PBXFileReference; fileEncoding = 4; lastKnownFileType = sourcecode.c.h; name = ECNavigationBarDelegate.h; path = Shared/ECNavigationBarDelegate.h; sourceTree = "<group>"; };
		2B8BA5C91964984A0028627B /* LTrueOutput.h */ = {isa = PBXFileReference; fileEncoding = 4; lastKnownFileType = sourcecode.c.h; path = LTrueOutput.h; sourceTree = "<group>"; };
		2B8BA5CA1964984A0028627B /* LTrueOutput.m */ = {isa = PBXFileReference; fileEncoding = 4; lastKnownFileType = sourcecode.c.objc; path = LTrueOutput.m; sourceTree = "<group>"; };
		2B8F237419716CC000FD2A85 /* LTAInputInfoView.h */ = {isa = PBXFileReference; fileEncoding = 4; lastKnownFileType = sourcecode.c.h; path = LTAInputInfoView.h; sourceTree = "<group>"; };
		2B8F237519716CC000FD2A85 /* LTAInputInfoView.m */ = {isa = PBXFileReference; fileEncoding = 4; lastKnownFileType = sourcecode.c.objc; path = LTAInputInfoView.m; sourceTree = "<group>"; };
		2B8F23771971A1BF00FD2A85 /* LInputGate.h */ = {isa = PBXFileReference; fileEncoding = 4; lastKnownFileType = sourcecode.c.h; path = LInputGate.h; sourceTree = "<group>"; };
		2B8F23781971A1BF00FD2A85 /* LInputGate.m */ = {isa = PBXFileReference; fileEncoding = 4; lastKnownFileType = sourcecode.c.objc; path = LInputGate.m; sourceTree = "<group>"; };
		2B8F237B1971A3EB00FD2A85 /* LTAInputInfoViewDelegate.h */ = {isa = PBXFileReference; fileEncoding = 4; lastKnownFileType = sourcecode.c.h; path = LTAInputInfoViewDelegate.h; sourceTree = "<group>"; };
		2B8F237C1971E21A00FD2A85 /* LSwitch.h */ = {isa = PBXFileReference; fileEncoding = 4; lastKnownFileType = sourcecode.c.h; path = LSwitch.h; sourceTree = "<group>"; };
		2B8F237D1971E21A00FD2A85 /* LSwitch.m */ = {isa = PBXFileReference; fileEncoding = 4; lastKnownFileType = sourcecode.c.objc; path = LSwitch.m; sourceTree = "<group>"; };
		2BED42DA196DEDBB001ADC8F /* LTAGateInfoViewDelegate.h */ = {isa = PBXFileReference; fileEncoding = 4; lastKnownFileType = sourcecode.c.h; path = LTAGateInfoViewDelegate.h; sourceTree = "<group>"; };
		2BED42DB196E12E9001ADC8F /* LGateDelegate.h */ = {isa = PBXFileReference; fileEncoding = 4; lastKnownFileType = sourcecode.c.h; path = LGateDelegate.h; sourceTree = "<group>"; };
		2BFA241119604BAE00D35073 /* LGate.h */ = {isa = PBXFileReference; fileEncoding = 4; lastKnownFileType = sourcecode.c.h; path = LGate.h; sourceTree = "<group>"; };
		2BFA241219604BAE00D35073 /* LGate.m */ = {isa = PBXFileReference; fileEncoding = 4; lastKnownFileType = sourcecode.c.objc; path = LGate.m; sourceTree = "<group>"; };
		2BFA241419604D8700D35073 /* LPort.h */ = {isa = PBXFileReference; fileEncoding = 4; lastKnownFileType = sourcecode.c.h; path = LPort.h; sourceTree = "<group>"; };
		2BFA241519604D8700D35073 /* LPort.m */ = {isa = PBXFileReference; fileEncoding = 4; lastKnownFileType = sourcecode.c.objc; path = LPort.m; sourceTree = "<group>"; };
		2BFA24181960523400D35073 /* GateImages.xcassets */ = {isa = PBXFileReference; lastKnownFileType = folder.assetcatalog; path = GateImages.xcassets; sourceTree = "<group>"; };
		2BFA241A1960594600D35073 /* GateType.h */ = {isa = PBXFileReference; fileEncoding = 4; lastKnownFileType = sourcecode.c.h; path = GateType.h; sourceTree = "<group>"; };
		2BFA241B19605A4D00D35073 /* LObjectProtocol.h */ = {isa = PBXFileReference; fileEncoding = 4; lastKnownFileType = sourcecode.c.h; path = LObjectProtocol.h; sourceTree = "<group>"; };
		2BFA241C1960631D00D35073 /* LPortDelegate.h */ = {isa = PBXFileReference; fileEncoding = 4; lastKnownFileType = sourcecode.c.h; path = LPortDelegate.h; sourceTree = "<group>"; };
		2BFA241D1960654600D35073 /* LWire.h */ = {isa = PBXFileReference; fileEncoding = 4; lastKnownFileType = sourcecode.c.h; path = LWire.h; sourceTree = "<group>"; };
		2BFA241E1960654600D35073 /* LWire.m */ = {isa = PBXFileReference; fileEncoding = 4; lastKnownFileType = sourcecode.c.objc; path = LWire.m; sourceTree = "<group>"; };
		2BFC7B07195D8B2D007AD84E /* ECNavigationBar.h */ = {isa = PBXFileReference; fileEncoding = 4; lastKnownFileType = sourcecode.c.h; name = ECNavigationBar.h; path = Shared/ECNavigationBar.h; sourceTree = "<group>"; };
		2BFC7B08195D8B2D007AD84E /* ECNavigationBar.m */ = {isa = PBXFileReference; fileEncoding = 4; lastKnownFileType = sourcecode.c.objc; name = ECNavigationBar.m; path = Shared/ECNavigationBar.m; sourceTree = "<group>"; };
		2BFC7B0D195D9223007AD84E /* ECGridView.h */ = {isa = PBXFileReference; fileEncoding = 4; lastKnownFileType = sourcecode.c.h; name = ECGridView.h; path = Shared/ECGridView.h; sourceTree = "<group>"; };
		2BFC7B0E195D9223007AD84E /* ECGridView.m */ = {isa = PBXFileReference; fileEncoding = 4; lastKnownFileType = sourcecode.c.objc; name = ECGridView.m; path = Shared/ECGridView.m; sourceTree = "<group>"; };
/* End PBXFileReference section */

/* Begin PBXFrameworksBuildPhase section */
		2B097FDC195C7C7E00EBF2E6 /* Frameworks */ = {
			isa = PBXFrameworksBuildPhase;
			buildActionMask = 2147483647;
			files = (
				2B0F2007195CCEDD00EC267E /* iAd.framework in Frameworks */,
				2B097FE5195C7C7E00EBF2E6 /* CoreGraphics.framework in Frameworks */,
				2B097FE7195C7C7E00EBF2E6 /* UIKit.framework in Frameworks */,
				2B097FE3195C7C7E00EBF2E6 /* Foundation.framework in Frameworks */,
			);
			runOnlyForDeploymentPostprocessing = 0;
		};
		2B098000195C7C7E00EBF2E6 /* Frameworks */ = {
			isa = PBXFrameworksBuildPhase;
			buildActionMask = 2147483647;
			files = (
				2B098005195C7C7E00EBF2E6 /* XCTest.framework in Frameworks */,
				2B098007195C7C7E00EBF2E6 /* UIKit.framework in Frameworks */,
				2B098006195C7C7E00EBF2E6 /* Foundation.framework in Frameworks */,
			);
			runOnlyForDeploymentPostprocessing = 0;
		};
		2B3C6FBF195F3D2D002FDFDC /* Frameworks */ = {
			isa = PBXFrameworksBuildPhase;
			buildActionMask = 2147483647;
			files = (
				2B3C6FFA195F6B82002FDFDC /* iAd.framework in Frameworks */,
				2B3C6FC4195F3D2D002FDFDC /* CoreGraphics.framework in Frameworks */,
				2B3C6FC5195F3D2D002FDFDC /* UIKit.framework in Frameworks */,
				2B3C6FC3195F3D2D002FDFDC /* Foundation.framework in Frameworks */,
			);
			runOnlyForDeploymentPostprocessing = 0;
		};
		2B3C6FDE195F3D2E002FDFDC /* Frameworks */ = {
			isa = PBXFrameworksBuildPhase;
			buildActionMask = 2147483647;
			files = (
				2B3C6FE2195F3D2E002FDFDC /* XCTest.framework in Frameworks */,
				2B3C6FE4195F3D2E002FDFDC /* UIKit.framework in Frameworks */,
				2B3C6FE3195F3D2E002FDFDC /* Foundation.framework in Frameworks */,
			);
			runOnlyForDeploymentPostprocessing = 0;
		};
/* End PBXFrameworksBuildPhase section */

/* Begin PBXGroup section */
		2B097FD6195C7C7E00EBF2E6 = {
			isa = PBXGroup;
			children = (
				2B3C6FBD195F377C002FDFDC /* Shared */,
				2B097FE8195C7C7E00EBF2E6 /* Circuit */,
				2B09800A195C7C7E00EBF2E6 /* CircuitTests */,
				2B3C6FC6195F3D2D002FDFDC /* LogicGate */,
				2B3C6FE7195F3D2E002FDFDC /* LogicGateTests */,
				2B097FE1195C7C7E00EBF2E6 /* Frameworks */,
				2B097FE0195C7C7E00EBF2E6 /* Products */,
			);
			sourceTree = "<group>";
		};
		2B097FE0195C7C7E00EBF2E6 /* Products */ = {
			isa = PBXGroup;
			children = (
				2B097FDF195C7C7E00EBF2E6 /* Circuit.app */,
				2B098003195C7C7E00EBF2E6 /* CircuitTests.xctest */,
				2B3C6FC2195F3D2D002FDFDC /* LogicGate.app */,
				2B3C6FE1195F3D2E002FDFDC /* LogicGateTests.xctest */,
			);
			name = Products;
			sourceTree = "<group>";
		};
		2B097FE1195C7C7E00EBF2E6 /* Frameworks */ = {
			isa = PBXGroup;
			children = (
				2B0F2006195CCEDD00EC267E /* iAd.framework */,
				2B097FE2195C7C7E00EBF2E6 /* Foundation.framework */,
				2B097FE4195C7C7E00EBF2E6 /* CoreGraphics.framework */,
				2B097FE6195C7C7E00EBF2E6 /* UIKit.framework */,
				2B098004195C7C7E00EBF2E6 /* XCTest.framework */,
			);
			name = Frameworks;
			sourceTree = "<group>";
		};
		2B097FE8195C7C7E00EBF2E6 /* Circuit */ = {
			isa = PBXGroup;
			children = (
				2B097FF1195C7C7E00EBF2E6 /* AppDelegate.h */,
				2B097FF2195C7C7E00EBF2E6 /* AppDelegate.m */,
				2B097FF4195C7C7E00EBF2E6 /* Main_iPhone.storyboard */,
				2B097FF7195C7C7E00EBF2E6 /* Main_iPad.storyboard */,
				2B097FFA195C7C7E00EBF2E6 /* ViewController.h */,
				2B097FFB195C7C7E00EBF2E6 /* ViewController.m */,
				2B097FFD195C7C7E00EBF2E6 /* Images.xcassets */,
				2B097FE9195C7C7E00EBF2E6 /* Supporting Files */,
			);
			path = Circuit;
			sourceTree = "<group>";
		};
		2B097FE9195C7C7E00EBF2E6 /* Supporting Files */ = {
			isa = PBXGroup;
			children = (
				2B097FEA195C7C7E00EBF2E6 /* Circuit-Info.plist */,
				2B097FEB195C7C7E00EBF2E6 /* InfoPlist.strings */,
				2B097FEE195C7C7E00EBF2E6 /* main.m */,
				2B097FF0195C7C7E00EBF2E6 /* Circuit-Prefix.pch */,
			);
			name = "Supporting Files";
			sourceTree = "<group>";
		};
		2B09800A195C7C7E00EBF2E6 /* CircuitTests */ = {
			isa = PBXGroup;
			children = (
				2B098010195C7C7E00EBF2E6 /* CircuitTests.m */,
				2B09800B195C7C7E00EBF2E6 /* Supporting Files */,
			);
			path = CircuitTests;
			sourceTree = "<group>";
		};
		2B09800B195C7C7E00EBF2E6 /* Supporting Files */ = {
			isa = PBXGroup;
			children = (
				2B09800C195C7C7E00EBF2E6 /* CircuitTests-Info.plist */,
				2B09800D195C7C7E00EBF2E6 /* InfoPlist.strings */,
			);
			name = "Supporting Files";
			sourceTree = "<group>";
		};
		2B0C3F8A196CAA530026300F /* ECTAdjustmentMenu */ = {
			isa = PBXGroup;
			children = (
				2B0C3F8B196CAC820026300F /* ECTAdjustmentMenu.h */,
				2B0C3F8C196CAC820026300F /* ECTAdjustmentMenu.m */,
			);
			name = ECTAdjustmentMenu;
			sourceTree = "<group>";
		};
		2B0C3F98196CBFCF0026300F /* Info View */ = {
			isa = PBXGroup;
			children = (
				2B0C3F99196CC33D0026300F /* LTAGateInfoView.h */,
				2B0C3F9A196CC33D0026300F /* LTAGateInfoView.m */,
				2BED42DA196DEDBB001ADC8F /* LTAGateInfoViewDelegate.h */,
				2B8F237419716CC000FD2A85 /* LTAInputInfoView.h */,
				2B8F237519716CC000FD2A85 /* LTAInputInfoView.m */,
				2B8F237B1971A3EB00FD2A85 /* LTAInputInfoViewDelegate.h */,
			);
			name = "Info View";
			sourceTree = "<group>";
		};
		2B12D4821968259B009E3C72 /* Sub Gates */ = {
			isa = PBXGroup;
			children = (
				2B12D4831968263A009E3C72 /* Standard Gates */,
				2B2CAEEB1961CE670000B7ED /* LNotGate.h */,
				2B2CAEEC1961CE670000B7ED /* LNotGate.m */,
				2B8F23771971A1BF00FD2A85 /* LInputGate.h */,
				2B8F23781971A1BF00FD2A85 /* LInputGate.m */,
				2B8BA5C91964984A0028627B /* LTrueOutput.h */,
				2B8BA5CA1964984A0028627B /* LTrueOutput.m */,
				2B8F237C1971E21A00FD2A85 /* LSwitch.h */,
				2B8F237D1971E21A00FD2A85 /* LSwitch.m */,
				2B26D96C196B700A00FD9F74 /* LLight.h */,
				2B26D96D196B700A00FD9F74 /* LLight.m */,
			);
			name = "Sub Gates";
			sourceTree = "<group>";
		};
		2B12D4831968263A009E3C72 /* Standard Gates */ = {
			isa = PBXGroup;
			children = (
				2B12D484196826B1009E3C72 /* LStandardGate.h */,
				2B12D485196826B1009E3C72 /* LStandardGate.m */,
				2B12D487196827D0009E3C72 /* LAndGate.h */,
				2B12D488196827D0009E3C72 /* LAndGate.m */,
			);
			name = "Standard Gates";
			sourceTree = "<group>";
		};
		2B26D964196B50D100FD9F74 /* ECToolBar */ = {
			isa = PBXGroup;
			children = (
				2B06E5FE195C822400DE0165 /* ECToolBar.h */,
				2B06E5FF195C822400DE0165 /* ECToolBar.m */,
				2B0C3F8A196CAA530026300F /* ECTAdjustmentMenu */,
				2B26D967196B510000FD9F74 /* ECTDeleteMode */,
				2B26D965196B50EC00FD9F74 /* ECTComponentsMenu */,
			);
			name = ECToolBar;
			sourceTree = "<group>";
		};
		2B26D965196B50EC00FD9F74 /* ECTComponentsMenu */ = {
			isa = PBXGroup;
			children = (
				2B325F2B19634A9500F29100 /* ECTComponentsMenu.h */,
				2B325F2C19634A9500F29100 /* ECTComponentsMenu.m */,
				2B26D960196B470A00FD9F74 /* ECTCMScrollView.h */,
				2B26D961196B470A00FD9F74 /* ECTCMScrollView.m */,
				2B12D48A196832FD009E3C72 /* ECTCMGestureHandler.h */,
				2B12D48B196832FD009E3C72 /* ECTCMGestureHandler.m */,
			);
			name = ECTComponentsMenu;
			sourceTree = "<group>";
		};
		2B26D967196B510000FD9F74 /* ECTDeleteMode */ = {
			isa = PBXGroup;
			children = (
				2B26D968196B515D00FD9F74 /* ECTDeleteMode.h */,
				2B26D969196B515D00FD9F74 /* ECTDeleteMode.m */,
			);
			name = ECTDeleteMode;
			sourceTree = "<group>";
		};
		2B3C6FBD195F377C002FDFDC /* Shared */ = {
			isa = PBXGroup;
			children = (
				2B26D964196B50D100FD9F74 /* ECToolBar */,
				2BFC7B07195D8B2D007AD84E /* ECNavigationBar.h */,
				2BFC7B08195D8B2D007AD84E /* ECNavigationBar.m */,
				2B3C6FF9195F55EB002FDFDC /* ECNavigationBarDelegate.h */,
				2BFC7B0D195D9223007AD84E /* ECGridView.h */,
				2BFC7B0E195D9223007AD84E /* ECGridView.m */,
				2B2CAEF11961F73C0000B7ED /* ECOverlayView.h */,
				2B2CAEF21961F73C0000B7ED /* ECOverlayView.m */,
				2B325F231963001B00F29100 /* ECScreenEdgeScrollController.h */,
				2B325F241963001B00F29100 /* ECScreenEdgeScrollController.m */,
				2B3805CD195F0F76004E7FC2 /* ButtonIcons.xcassets */,
			);
			name = Shared;
			sourceTree = "<group>";
		};
		2B3C6FC6195F3D2D002FDFDC /* LogicGate */ = {
			isa = PBXGroup;
			children = (
				2B3C6FCF195F3D2D002FDFDC /* AppDelegate.h */,
				2B3C6FD0195F3D2D002FDFDC /* AppDelegate.m */,
				2B3C6FD2195F3D2D002FDFDC /* Main_iPhone.storyboard */,
				2B3C6FD5195F3D2D002FDFDC /* Main_iPad.storyboard */,
				2B3C6FD8195F3D2D002FDFDC /* ViewController.h */,
				2B3C6FD9195F3D2D002FDFDC /* ViewController.m */,
				2BFA241719604D9400D35073 /* Gates */,
				2B3C6FDB195F3D2D002FDFDC /* Images.xcassets */,
				2B8F238B1971FCB300FD2A85 /* Core Data */,
				2B0C3F98196CBFCF0026300F /* Info View */,
				2B3C6FC7195F3D2D002FDFDC /* Supporting Files */,
			);
			path = LogicGate;
			sourceTree = "<group>";
		};
		2B3C6FC7195F3D2D002FDFDC /* Supporting Files */ = {
			isa = PBXGroup;
			children = (
				2B3C6FC8195F3D2D002FDFDC /* LogicGate-Info.plist */,
				2B3C6FC9195F3D2D002FDFDC /* InfoPlist.strings */,
				2B3C6FCC195F3D2D002FDFDC /* main.m */,
				2B3C6FCE195F3D2D002FDFDC /* LogicGate-Prefix.pch */,
			);
			name = "Supporting Files";
			sourceTree = "<group>";
		};
		2B3C6FE7195F3D2E002FDFDC /* LogicGateTests */ = {
			isa = PBXGroup;
			children = (
				2B325F141962E67600F29100 /* ECGridViewTests.m */,
				2B3C6FED195F3D2E002FDFDC /* LogicGateTests.m */,
				2B3C6FE8195F3D2E002FDFDC /* Supporting Files */,
			);
			path = LogicGateTests;
			sourceTree = "<group>";
		};
		2B3C6FE8195F3D2E002FDFDC /* Supporting Files */ = {
			isa = PBXGroup;
			children = (
				2B3C6FE9195F3D2E002FDFDC /* LogicGateTests-Info.plist */,
				2B3C6FEA195F3D2E002FDFDC /* InfoPlist.strings */,
			);
			name = "Supporting Files";
			sourceTree = "<group>";
		};
		2B8F238B1971FCB300FD2A85 /* Core Data */ = {
			isa = PBXGroup;
			children = (
			);
			name = "Core Data";
			sourceTree = "<group>";
		};
		2BFA241719604D9400D35073 /* Gates */ = {
			isa = PBXGroup;
			children = (
				2B12D4821968259B009E3C72 /* Sub Gates */,
				2BFA241419604D8700D35073 /* LPort.h */,
				2BFA241519604D8700D35073 /* LPort.m */,
				2BFA241119604BAE00D35073 /* LGate.h */,
				2BFA241219604BAE00D35073 /* LGate.m */,
				2BED42DB196E12E9001ADC8F /* LGateDelegate.h */,
				2BFA241D1960654600D35073 /* LWire.h */,
				2BFA241E1960654600D35073 /* LWire.m */,
				2BFA241C1960631D00D35073 /* LPortDelegate.h */,
				2BFA241A1960594600D35073 /* GateType.h */,
				2BFA241B19605A4D00D35073 /* LObjectProtocol.h */,
				2BFA24181960523400D35073 /* GateImages.xcassets */,
			);
			name = Gates;
			sourceTree = "<group>";
		};
/* End PBXGroup section */

/* Begin PBXNativeTarget section */
		2B097FDE195C7C7E00EBF2E6 /* Circuit */ = {
			isa = PBXNativeTarget;
			buildConfigurationList = 2B098014195C7C7E00EBF2E6 /* Build configuration list for PBXNativeTarget "Circuit" */;
			buildPhases = (
				2B097FDB195C7C7E00EBF2E6 /* Sources */,
				2B097FDC195C7C7E00EBF2E6 /* Frameworks */,
				2B097FDD195C7C7E00EBF2E6 /* Resources */,
			);
			buildRules = (
			);
			dependencies = (
			);
			name = Circuit;
			productName = Circuit;
			productReference = 2B097FDF195C7C7E00EBF2E6 /* Circuit.app */;
			productType = "com.apple.product-type.application";
		};
		2B098002195C7C7E00EBF2E6 /* CircuitTests */ = {
			isa = PBXNativeTarget;
			buildConfigurationList = 2B098017195C7C7E00EBF2E6 /* Build configuration list for PBXNativeTarget "CircuitTests" */;
			buildPhases = (
				2B097FFF195C7C7E00EBF2E6 /* Sources */,
				2B098000195C7C7E00EBF2E6 /* Frameworks */,
				2B098001195C7C7E00EBF2E6 /* Resources */,
			);
			buildRules = (
			);
			dependencies = (
				2B098009195C7C7E00EBF2E6 /* PBXTargetDependency */,
			);
			name = CircuitTests;
			productName = CircuitTests;
			productReference = 2B098003195C7C7E00EBF2E6 /* CircuitTests.xctest */;
			productType = "com.apple.product-type.bundle.unit-test";
		};
		2B3C6FC1195F3D2D002FDFDC /* LogicGate */ = {
			isa = PBXNativeTarget;
			buildConfigurationList = 2B3C6FEF195F3D2E002FDFDC /* Build configuration list for PBXNativeTarget "LogicGate" */;
			buildPhases = (
				2B3C6FBE195F3D2D002FDFDC /* Sources */,
				2B3C6FBF195F3D2D002FDFDC /* Frameworks */,
				2B3C6FC0195F3D2D002FDFDC /* Resources */,
			);
			buildRules = (
			);
			dependencies = (
			);
			name = LogicGate;
			productName = LogicGate;
			productReference = 2B3C6FC2195F3D2D002FDFDC /* LogicGate.app */;
			productType = "com.apple.product-type.application";
		};
		2B3C6FE0195F3D2E002FDFDC /* LogicGateTests */ = {
			isa = PBXNativeTarget;
			buildConfigurationList = 2B3C6FF2195F3D2E002FDFDC /* Build configuration list for PBXNativeTarget "LogicGateTests" */;
			buildPhases = (
				2B3C6FDD195F3D2E002FDFDC /* Sources */,
				2B3C6FDE195F3D2E002FDFDC /* Frameworks */,
				2B3C6FDF195F3D2E002FDFDC /* Resources */,
			);
			buildRules = (
			);
			dependencies = (
				2B3C6FE6195F3D2E002FDFDC /* PBXTargetDependency */,
			);
			name = LogicGateTests;
			productName = LogicGateTests;
			productReference = 2B3C6FE1195F3D2E002FDFDC /* LogicGateTests.xctest */;
			productType = "com.apple.product-type.bundle.unit-test";
		};
/* End PBXNativeTarget section */

/* Begin PBXProject section */
		2B097FD7195C7C7E00EBF2E6 /* Project object */ = {
			isa = PBXProject;
			attributes = {
				CLASSPREFIX = L;
				LastUpgradeCheck = 0510;
				ORGANIZATIONNAME = "Edward Peiliang Guo";
				TargetAttributes = {
					2B098002195C7C7E00EBF2E6 = {
						TestTargetID = 2B097FDE195C7C7E00EBF2E6;
					};
					2B3C6FE0195F3D2E002FDFDC = {
						TestTargetID = 2B097FDE195C7C7E00EBF2E6;
					};
				};
			};
			buildConfigurationList = 2B097FDA195C7C7E00EBF2E6 /* Build configuration list for PBXProject "Circuit" */;
			compatibilityVersion = "Xcode 3.2";
			developmentRegion = English;
			hasScannedForEncodings = 0;
			knownRegions = (
				en,
				Base,
			);
			mainGroup = 2B097FD6195C7C7E00EBF2E6;
			productRefGroup = 2B097FE0195C7C7E00EBF2E6 /* Products */;
			projectDirPath = "";
			projectRoot = "";
			targets = (
				2B097FDE195C7C7E00EBF2E6 /* Circuit */,
				2B098002195C7C7E00EBF2E6 /* CircuitTests */,
				2B3C6FC1195F3D2D002FDFDC /* LogicGate */,
				2B3C6FE0195F3D2E002FDFDC /* LogicGateTests */,
			);
		};
/* End PBXProject section */

/* Begin PBXResourcesBuildPhase section */
		2B097FDD195C7C7E00EBF2E6 /* Resources */ = {
			isa = PBXResourcesBuildPhase;
			buildActionMask = 2147483647;
			files = (
				2B097FF9195C7C7E00EBF2E6 /* Main_iPad.storyboard in Resources */,
				2B097FFE195C7C7E00EBF2E6 /* Images.xcassets in Resources */,
				2B3805CE195F0F76004E7FC2 /* ButtonIcons.xcassets in Resources */,
				2B097FF6195C7C7E00EBF2E6 /* Main_iPhone.storyboard in Resources */,
				2B097FED195C7C7E00EBF2E6 /* InfoPlist.strings in Resources */,
			);
			runOnlyForDeploymentPostprocessing = 0;
		};
		2B098001195C7C7E00EBF2E6 /* Resources */ = {
			isa = PBXResourcesBuildPhase;
			buildActionMask = 2147483647;
			files = (
				2B09800F195C7C7E00EBF2E6 /* InfoPlist.strings in Resources */,
			);
			runOnlyForDeploymentPostprocessing = 0;
		};
		2B3C6FC0195F3D2D002FDFDC /* Resources */ = {
			isa = PBXResourcesBuildPhase;
			buildActionMask = 2147483647;
			files = (
				2B3C6FD7195F3D2D002FDFDC /* Main_iPad.storyboard in Resources */,
				2B3C6FDC195F3D2D002FDFDC /* Images.xcassets in Resources */,
				2B3C6FF8195F3EBE002FDFDC /* ButtonIcons.xcassets in Resources */,
				2B3C6FD4195F3D2D002FDFDC /* Main_iPhone.storyboard in Resources */,
				2BFA24191960523400D35073 /* GateImages.xcassets in Resources */,
				2B3C6FCB195F3D2D002FDFDC /* InfoPlist.strings in Resources */,
			);
			runOnlyForDeploymentPostprocessing = 0;
		};
		2B3C6FDF195F3D2E002FDFDC /* Resources */ = {
			isa = PBXResourcesBuildPhase;
			buildActionMask = 2147483647;
			files = (
				2B3C6FEC195F3D2E002FDFDC /* InfoPlist.strings in Resources */,
			);
			runOnlyForDeploymentPostprocessing = 0;
		};
/* End PBXResourcesBuildPhase section */

/* Begin PBXSourcesBuildPhase section */
		2B097FDB195C7C7E00EBF2E6 /* Sources */ = {
			isa = PBXSourcesBuildPhase;
			buildActionMask = 2147483647;
			files = (
				2B2CAEF31961F73C0000B7ED /* ECOverlayView.m in Sources */,
				2B12D48C196832FD009E3C72 /* ECTCMGestureHandler.m in Sources */,
				2B325F251963001B00F29100 /* ECScreenEdgeScrollController.m in Sources */,
				2BFC7B0F195D9223007AD84E /* ECGridView.m in Sources */,
				2BFC7B09195D8B2D007AD84E /* ECNavigationBar.m in Sources */,
				2B26D962196B470A00FD9F74 /* ECTCMScrollView.m in Sources */,
				2B0C3F8D196CAC820026300F /* ECTAdjustmentMenu.m in Sources */,
				2B26D96A196B515D00FD9F74 /* ECTDeleteMode.m in Sources */,
				2B097FFC195C7C7E00EBF2E6 /* ViewController.m in Sources */,
				2B0C3F9B196CC33D0026300F /* LTAGateInfoView.m in Sources */,
				2B06E600195C822400DE0165 /* ECToolBar.m in Sources */,
				2B097FF3195C7C7E00EBF2E6 /* AppDelegate.m in Sources */,
				2B325F2D19634A9500F29100 /* ECTComponentsMenu.m in Sources */,
				2B097FEF195C7C7E00EBF2E6 /* main.m in Sources */,
			);
			runOnlyForDeploymentPostprocessing = 0;
		};
		2B097FFF195C7C7E00EBF2E6 /* Sources */ = {
			isa = PBXSourcesBuildPhase;
			buildActionMask = 2147483647;
			files = (
				2B325F171962EBE500F29100 /* ECGridView.m in Sources */,
				2B325F151962E67600F29100 /* ECGridViewTests.m in Sources */,
				2B098011195C7C7E00EBF2E6 /* CircuitTests.m in Sources */,
				2B325F191962EC4F00F29100 /* ECOverlayView.m in Sources */,
			);
			runOnlyForDeploymentPostprocessing = 0;
		};
		2B3C6FBE195F3D2D002FDFDC /* Sources */ = {
			isa = PBXSourcesBuildPhase;
			buildActionMask = 2147483647;
			files = (
				2B2CAEF41961F73C0000B7ED /* ECOverlayView.m in Sources */,
				2B8F237619716CC000FD2A85 /* LTAInputInfoView.m in Sources */,
				2B8F237E1971E21A00FD2A85 /* LSwitch.m in Sources */,
				2BFA241F1960654600D35073 /* LWire.m in Sources */,
				2B3C6FF7195F3D6A002FDFDC /* ECGridView.m in Sources */,
				2B26D96E196B700A00FD9F74 /* LLight.m in Sources */,
				2B3C6FDA195F3D2D002FDFDC /* ViewController.m in Sources */,
				2B0C3F9C196CC33D0026300F /* LTAGateInfoView.m in Sources */,
				2B3C6FF5195F3D5E002FDFDC /* ECNavigationBar.m in Sources */,
				2B12D489196827D0009E3C72 /* LAndGate.m in Sources */,
				2B8BA5CB1964984A0028627B /* LTrueOutput.m in Sources */,
				2B325F261963001B00F29100 /* ECScreenEdgeScrollController.m in Sources */,
				2B26D96B196B515D00FD9F74 /* ECTDeleteMode.m in Sources */,
				2B8F23791971A1BF00FD2A85 /* LInputGate.m in Sources */,
				2B26D963196B470A00FD9F74 /* ECTCMScrollView.m in Sources */,
				2BFA241619604D8700D35073 /* LPort.m in Sources */,
				2B2CAEED1961CE670000B7ED /* LNotGate.m in Sources */,
				2B12D486196826B1009E3C72 /* LStandardGate.m in Sources */,
				2B3C6FF6195F3D63002FDFDC /* ECToolBar.m in Sources */,
				2B3C6FD1195F3D2D002FDFDC /* AppDelegate.m in Sources */,
				2B12D48D196832FD009E3C72 /* ECTCMGestureHandler.m in Sources */,
				2BFA241319604BAE00D35073 /* LGate.m in Sources */,
				2B0C3F8E196CAC820026300F /* ECTAdjustmentMenu.m in Sources */,
				2B325F2E19634A9500F29100 /* ECTComponentsMenu.m in Sources */,
				2B3C6FCD195F3D2D002FDFDC /* main.m in Sources */,
			);
			runOnlyForDeploymentPostprocessing = 0;
		};
		2B3C6FDD195F3D2E002FDFDC /* Sources */ = {
			isa = PBXSourcesBuildPhase;
			buildActionMask = 2147483647;
			files = (
				2B325F1A1962EC5000F29100 /* ECOverlayView.m in Sources */,
				2B325F181962EBE500F29100 /* ECGridView.m in Sources */,
				2B325F161962E67600F29100 /* ECGridViewTests.m in Sources */,
				2B2CAEE91961CCBA0000B7ED /* LGate.m in Sources */,
				2B3C6FEE195F3D2E002FDFDC /* LogicGateTests.m in Sources */,
				2B2CAEE81961CCB50000B7ED /* LWire.m in Sources */,
				2B2CAEEA1961CCBE0000B7ED /* LPort.m in Sources */,
			);
			runOnlyForDeploymentPostprocessing = 0;
		};
/* End PBXSourcesBuildPhase section */

/* Begin PBXTargetDependency section */
		2B098009195C7C7E00EBF2E6 /* PBXTargetDependency */ = {
			isa = PBXTargetDependency;
			target = 2B097FDE195C7C7E00EBF2E6 /* Circuit */;
			targetProxy = 2B098008195C7C7E00EBF2E6 /* PBXContainerItemProxy */;
		};
		2B3C6FE6195F3D2E002FDFDC /* PBXTargetDependency */ = {
			isa = PBXTargetDependency;
			target = 2B3C6FC1195F3D2D002FDFDC /* LogicGate */;
			targetProxy = 2B3C6FE5195F3D2E002FDFDC /* PBXContainerItemProxy */;
		};
/* End PBXTargetDependency section */

/* Begin PBXVariantGroup section */
		2B097FEB195C7C7E00EBF2E6 /* InfoPlist.strings */ = {
			isa = PBXVariantGroup;
			children = (
				2B097FEC195C7C7E00EBF2E6 /* en */,
			);
			name = InfoPlist.strings;
			sourceTree = "<group>";
		};
		2B097FF4195C7C7E00EBF2E6 /* Main_iPhone.storyboard */ = {
			isa = PBXVariantGroup;
			children = (
				2B097FF5195C7C7E00EBF2E6 /* Base */,
			);
			name = Main_iPhone.storyboard;
			sourceTree = "<group>";
		};
		2B097FF7195C7C7E00EBF2E6 /* Main_iPad.storyboard */ = {
			isa = PBXVariantGroup;
			children = (
				2B097FF8195C7C7E00EBF2E6 /* Base */,
			);
			name = Main_iPad.storyboard;
			sourceTree = "<group>";
		};
		2B09800D195C7C7E00EBF2E6 /* InfoPlist.strings */ = {
			isa = PBXVariantGroup;
			children = (
				2B09800E195C7C7E00EBF2E6 /* en */,
			);
			name = InfoPlist.strings;
			sourceTree = "<group>";
		};
		2B3C6FC9195F3D2D002FDFDC /* InfoPlist.strings */ = {
			isa = PBXVariantGroup;
			children = (
				2B3C6FCA195F3D2D002FDFDC /* en */,
			);
			name = InfoPlist.strings;
			sourceTree = "<group>";
		};
		2B3C6FD2195F3D2D002FDFDC /* Main_iPhone.storyboard */ = {
			isa = PBXVariantGroup;
			children = (
				2B3C6FD3195F3D2D002FDFDC /* Base */,
			);
			name = Main_iPhone.storyboard;
			sourceTree = "<group>";
		};
		2B3C6FD5195F3D2D002FDFDC /* Main_iPad.storyboard */ = {
			isa = PBXVariantGroup;
			children = (
				2B3C6FD6195F3D2D002FDFDC /* Base */,
			);
			name = Main_iPad.storyboard;
			sourceTree = "<group>";
		};
		2B3C6FEA195F3D2E002FDFDC /* InfoPlist.strings */ = {
			isa = PBXVariantGroup;
			children = (
				2B3C6FEB195F3D2E002FDFDC /* en */,
			);
			name = InfoPlist.strings;
			sourceTree = "<group>";
		};
/* End PBXVariantGroup section */

/* Begin XCBuildConfiguration section */
		2B098012195C7C7E00EBF2E6 /* Debug */ = {
			isa = XCBuildConfiguration;
			buildSettings = {
				ALWAYS_SEARCH_USER_PATHS = NO;
				CLANG_CXX_LANGUAGE_STANDARD = "gnu++0x";
				CLANG_CXX_LIBRARY = "libc++";
				CLANG_ENABLE_MODULES = YES;
				CLANG_ENABLE_OBJC_ARC = YES;
				CLANG_WARN_BOOL_CONVERSION = YES;
				CLANG_WARN_CONSTANT_CONVERSION = YES;
				CLANG_WARN_DIRECT_OBJC_ISA_USAGE = YES_ERROR;
				CLANG_WARN_EMPTY_BODY = YES;
				CLANG_WARN_ENUM_CONVERSION = YES;
				CLANG_WARN_INT_CONVERSION = YES;
				CLANG_WARN_OBJC_ROOT_CLASS = YES_ERROR;
				CLANG_WARN__DUPLICATE_METHOD_MATCH = YES;
				"CODE_SIGN_IDENTITY[sdk=iphoneos*]" = "iPhone Developer";
				COPY_PHASE_STRIP = NO;
				GCC_C_LANGUAGE_STANDARD = gnu99;
				GCC_DYNAMIC_NO_PIC = NO;
				GCC_OPTIMIZATION_LEVEL = 0;
				GCC_PREPROCESSOR_DEFINITIONS = (
					"DEBUG=1",
					"$(inherited)",
				);
				GCC_SYMBOLS_PRIVATE_EXTERN = NO;
				GCC_WARN_64_TO_32_BIT_CONVERSION = YES;
				GCC_WARN_ABOUT_RETURN_TYPE = YES_ERROR;
				GCC_WARN_UNDECLARED_SELECTOR = YES;
				GCC_WARN_UNINITIALIZED_AUTOS = YES_AGGRESSIVE;
				GCC_WARN_UNUSED_FUNCTION = YES;
				GCC_WARN_UNUSED_VARIABLE = YES;
				IPHONEOS_DEPLOYMENT_TARGET = 7.1;
				ONLY_ACTIVE_ARCH = YES;
				SDKROOT = iphoneos;
				TARGETED_DEVICE_FAMILY = "1,2";
			};
			name = Debug;
		};
		2B098013195C7C7E00EBF2E6 /* Release */ = {
			isa = XCBuildConfiguration;
			buildSettings = {
				ALWAYS_SEARCH_USER_PATHS = NO;
				CLANG_CXX_LANGUAGE_STANDARD = "gnu++0x";
				CLANG_CXX_LIBRARY = "libc++";
				CLANG_ENABLE_MODULES = YES;
				CLANG_ENABLE_OBJC_ARC = YES;
				CLANG_WARN_BOOL_CONVERSION = YES;
				CLANG_WARN_CONSTANT_CONVERSION = YES;
				CLANG_WARN_DIRECT_OBJC_ISA_USAGE = YES_ERROR;
				CLANG_WARN_EMPTY_BODY = YES;
				CLANG_WARN_ENUM_CONVERSION = YES;
				CLANG_WARN_INT_CONVERSION = YES;
				CLANG_WARN_OBJC_ROOT_CLASS = YES_ERROR;
				CLANG_WARN__DUPLICATE_METHOD_MATCH = YES;
				"CODE_SIGN_IDENTITY[sdk=iphoneos*]" = "iPhone Developer";
				COPY_PHASE_STRIP = YES;
				ENABLE_NS_ASSERTIONS = NO;
				GCC_C_LANGUAGE_STANDARD = gnu99;
				GCC_WARN_64_TO_32_BIT_CONVERSION = YES;
				GCC_WARN_ABOUT_RETURN_TYPE = YES_ERROR;
				GCC_WARN_UNDECLARED_SELECTOR = YES;
				GCC_WARN_UNINITIALIZED_AUTOS = YES_AGGRESSIVE;
				GCC_WARN_UNUSED_FUNCTION = YES;
				GCC_WARN_UNUSED_VARIABLE = YES;
				IPHONEOS_DEPLOYMENT_TARGET = 7.1;
				SDKROOT = iphoneos;
				TARGETED_DEVICE_FAMILY = "1,2";
				VALIDATE_PRODUCT = YES;
			};
			name = Release;
		};
		2B098015195C7C7E00EBF2E6 /* Debug */ = {
			isa = XCBuildConfiguration;
			buildSettings = {
				ASSETCATALOG_COMPILER_APPICON_NAME = AppIcon;
				ASSETCATALOG_COMPILER_LAUNCHIMAGE_NAME = LaunchImage;
				GCC_PRECOMPILE_PREFIX_HEADER = YES;
				GCC_PREFIX_HEADER = "Circuit/Circuit-Prefix.pch";
				INFOPLIST_FILE = "Circuit/Circuit-Info.plist";
				PRODUCT_NAME = "$(TARGET_NAME)";
				WRAPPER_EXTENSION = app;
			};
			name = Debug;
		};
		2B098016195C7C7E00EBF2E6 /* Release */ = {
			isa = XCBuildConfiguration;
			buildSettings = {
				ASSETCATALOG_COMPILER_APPICON_NAME = AppIcon;
				ASSETCATALOG_COMPILER_LAUNCHIMAGE_NAME = LaunchImage;
				GCC_PRECOMPILE_PREFIX_HEADER = YES;
				GCC_PREFIX_HEADER = "Circuit/Circuit-Prefix.pch";
				INFOPLIST_FILE = "Circuit/Circuit-Info.plist";
				PRODUCT_NAME = "$(TARGET_NAME)";
				WRAPPER_EXTENSION = app;
			};
			name = Release;
		};
		2B098018195C7C7E00EBF2E6 /* Debug */ = {
			isa = XCBuildConfiguration;
			buildSettings = {
				BUNDLE_LOADER = "$(BUILT_PRODUCTS_DIR)/Circuit.app/Circuit";
				FRAMEWORK_SEARCH_PATHS = (
					"$(SDKROOT)/Developer/Library/Frameworks",
					"$(inherited)",
					"$(DEVELOPER_FRAMEWORKS_DIR)",
				);
				GCC_PRECOMPILE_PREFIX_HEADER = YES;
				GCC_PREFIX_HEADER = "Circuit/Circuit-Prefix.pch";
				GCC_PREPROCESSOR_DEFINITIONS = (
					"DEBUG=1",
					"$(inherited)",
				);
				INFOPLIST_FILE = "CircuitTests/CircuitTests-Info.plist";
				PRODUCT_NAME = "$(TARGET_NAME)";
				TEST_HOST = "$(BUNDLE_LOADER)";
				WRAPPER_EXTENSION = xctest;
			};
			name = Debug;
		};
		2B098019195C7C7E00EBF2E6 /* Release */ = {
			isa = XCBuildConfiguration;
			buildSettings = {
				BUNDLE_LOADER = "$(BUILT_PRODUCTS_DIR)/Circuit.app/Circuit";
				FRAMEWORK_SEARCH_PATHS = (
					"$(SDKROOT)/Developer/Library/Frameworks",
					"$(inherited)",
					"$(DEVELOPER_FRAMEWORKS_DIR)",
				);
				GCC_PRECOMPILE_PREFIX_HEADER = YES;
				GCC_PREFIX_HEADER = "Circuit/Circuit-Prefix.pch";
				INFOPLIST_FILE = "CircuitTests/CircuitTests-Info.plist";
				PRODUCT_NAME = "$(TARGET_NAME)";
				TEST_HOST = "$(BUNDLE_LOADER)";
				WRAPPER_EXTENSION = xctest;
			};
			name = Release;
		};
		2B3C6FF0195F3D2E002FDFDC /* Debug */ = {
			isa = XCBuildConfiguration;
			buildSettings = {
				ASSETCATALOG_COMPILER_APPICON_NAME = AppIcon;
				ASSETCATALOG_COMPILER_LAUNCHIMAGE_NAME = LaunchImage;
				GCC_PRECOMPILE_PREFIX_HEADER = YES;
				GCC_PREFIX_HEADER = "LogicGate/LogicGate-Prefix.pch";
				GCC_PREPROCESSOR_DEFINITIONS = (
					"DEBUG=1",
					"$(inherited)",
				);
				INFOPLIST_FILE = "LogicGate/LogicGate-Info.plist";
				PRODUCT_NAME = "$(TARGET_NAME)";
				WRAPPER_EXTENSION = app;
			};
			name = Debug;
		};
		2B3C6FF1195F3D2E002FDFDC /* Release */ = {
			isa = XCBuildConfiguration;
			buildSettings = {
				ASSETCATALOG_COMPILER_APPICON_NAME = AppIcon;
				ASSETCATALOG_COMPILER_LAUNCHIMAGE_NAME = LaunchImage;
				GCC_PRECOMPILE_PREFIX_HEADER = YES;
				GCC_PREFIX_HEADER = "LogicGate/LogicGate-Prefix.pch";
				INFOPLIST_FILE = "LogicGate/LogicGate-Info.plist";
				PRODUCT_NAME = "$(TARGET_NAME)";
				WRAPPER_EXTENSION = app;
			};
			name = Release;
		};
		2B3C6FF3195F3D2E002FDFDC /* Debug */ = {
			isa = XCBuildConfiguration;
			buildSettings = {
				BUNDLE_LOADER = "$(BUILT_PRODUCTS_DIR)/Circuit.app/Circuit";
				FRAMEWORK_SEARCH_PATHS = (
					"$(SDKROOT)/Developer/Library/Frameworks",
					"$(inherited)",
					"$(DEVELOPER_FRAMEWORKS_DIR)",
				);
				GCC_PRECOMPILE_PREFIX_HEADER = YES;
				GCC_PREFIX_HEADER = "LogicGate/LogicGate-Prefix.pch";
				GCC_PREPROCESSOR_DEFINITIONS = (
					"DEBUG=1",
					"$(inherited)",
				);
				INFOPLIST_FILE = "LogicGateTests/LogicGateTests-Info.plist";
				PRODUCT_NAME = "$(TARGET_NAME)";
				TEST_HOST = "$(BUNDLE_LOADER)";
				WRAPPER_EXTENSION = xctest;
			};
			name = Debug;
		};
		2B3C6FF4195F3D2E002FDFDC /* Release */ = {
			isa = XCBuildConfiguration;
			buildSettings = {
				BUNDLE_LOADER = "$(BUILT_PRODUCTS_DIR)/Circuit.app/Circuit";
				FRAMEWORK_SEARCH_PATHS = (
					"$(SDKROOT)/Developer/Library/Frameworks",
					"$(inherited)",
					"$(DEVELOPER_FRAMEWORKS_DIR)",
				);
				GCC_PRECOMPILE_PREFIX_HEADER = YES;
				GCC_PREFIX_HEADER = "LogicGate/LogicGate-Prefix.pch";
				INFOPLIST_FILE = "LogicGateTests/LogicGateTests-Info.plist";
				PRODUCT_NAME = "$(TARGET_NAME)";
				TEST_HOST = "$(BUNDLE_LOADER)";
				WRAPPER_EXTENSION = xctest;
			};
			name = Release;
		};
/* End XCBuildConfiguration section */

/* Begin XCConfigurationList section */
		2B097FDA195C7C7E00EBF2E6 /* Build configuration list for PBXProject "Circuit" */ = {
			isa = XCConfigurationList;
			buildConfigurations = (
				2B098012195C7C7E00EBF2E6 /* Debug */,
				2B098013195C7C7E00EBF2E6 /* Release */,
			);
			defaultConfigurationIsVisible = 0;
			defaultConfigurationName = Release;
		};
		2B098014195C7C7E00EBF2E6 /* Build configuration list for PBXNativeTarget "Circuit" */ = {
			isa = XCConfigurationList;
			buildConfigurations = (
				2B098015195C7C7E00EBF2E6 /* Debug */,
				2B098016195C7C7E00EBF2E6 /* Release */,
			);
			defaultConfigurationIsVisible = 0;
			defaultConfigurationName = Release;
		};
		2B098017195C7C7E00EBF2E6 /* Build configuration list for PBXNativeTarget "CircuitTests" */ = {
			isa = XCConfigurationList;
			buildConfigurations = (
				2B098018195C7C7E00EBF2E6 /* Debug */,
				2B098019195C7C7E00EBF2E6 /* Release */,
			);
			defaultConfigurationIsVisible = 0;
			defaultConfigurationName = Release;
		};
		2B3C6FEF195F3D2E002FDFDC /* Build configuration list for PBXNativeTarget "LogicGate" */ = {
			isa = XCConfigurationList;
			buildConfigurations = (
				2B3C6FF0195F3D2E002FDFDC /* Debug */,
				2B3C6FF1195F3D2E002FDFDC /* Release */,
			);
			defaultConfigurationIsVisible = 0;
			defaultConfigurationName = Release;
		};
		2B3C6FF2195F3D2E002FDFDC /* Build configuration list for PBXNativeTarget "LogicGateTests" */ = {
			isa = XCConfigurationList;
			buildConfigurations = (
				2B3C6FF3195F3D2E002FDFDC /* Debug */,
				2B3C6FF4195F3D2E002FDFDC /* Release */,
			);
			defaultConfigurationIsVisible = 0;
			defaultConfigurationName = Release;
		};
/* End XCConfigurationList section */
	};
	rootObject = 2B097FD7195C7C7E00EBF2E6 /* Project object */;
}
